<Solution>
  <Folder Name="/samples/">
    <Project Path="samples/SmartFileKit.Sample/SmartFileKit.Sample.csproj" />
  </Folder>
  <Folder Name="/src/">
    <Project Path="src/SmartFileKit/SmartFileKit.csproj" />
  </Folder>
  <Folder Name="/tests/">
    <Project Path="tests/SmartFileKit.Tests/SmartFileKit.Tests.csproj" />
  </Folder>
</Solution>
